// !$*UTF8*$!
{
	archiveVersion = 1;
	classes = {
	};
	objectVersion = 56;
	objects = {

/* Begin PBXBuildFile section */
		134240FE2B8243E600913A11 /* FirstDemoAppApp.swift in Sources */ = {isa = PBXBuildFile; fileRef = 134240FD2B8243E600913A11 /* FirstDemoAppApp.swift */; };
		134241002B8243E600913A11 /* ContentView.swift in Sources */ = {isa = PBXBuildFile; fileRef = 134240FF2B8243E600913A11 /* ContentView.swift */; };
		134241022B8243E800913A11 /* Assets.xcassets in Resources */ = {isa = PBXBuildFile; fileRef = 134241012B8243E800913A11 /* Assets.xcassets */; };
		134241052B8243E800913A11 /* Preview Assets.xcassets in Resources */ = {isa = PBXBuildFile; fileRef = 134241042B8243E800913A11 /* Preview Assets.xcassets */; };
		1342410C2B82DD4F00913A11 /* Question.swift in Sources */ = {isa = PBXBuildFile; fileRef = 1342410B2B82DD4F00913A11 /* Question.swift */; };
		1342410E2B82E39E00913A11 /* GoogleService-Info.plist in Resources */ = {isa = PBXBuildFile; fileRef = 1342410D2B82E39E00913A11 /* GoogleService-Info.plist */; };
		134241112B82E4E900913A11 /* FirebaseAnalytics in Frameworks */ = {isa = PBXBuildFile; productRef = 134241102B82E4E900913A11 /* FirebaseAnalytics */; };
		134241132B82E4E900913A11 /* FirebaseAnalyticsOnDeviceConversion in Frameworks */ = {isa = PBXBuildFile; productRef = 134241122B82E4E900913A11 /* FirebaseAnalyticsOnDeviceConversion */; };
		134241152B82E4E900913A11 /* FirebaseAnalyticsSwift in Frameworks */ = {isa = PBXBuildFile; productRef = 134241142B82E4E900913A11 /* FirebaseAnalyticsSwift */; };
		134241172B82E4E900913A11 /* FirebaseAnalyticsWithoutAdIdSupport in Frameworks */ = {isa = PBXBuildFile; productRef = 134241162B82E4E900913A11 /* FirebaseAnalyticsWithoutAdIdSupport */; };
		134241192B82E4E900913A11 /* FirebaseAppCheck in Frameworks */ = {isa = PBXBuildFile; productRef = 134241182B82E4E900913A11 /* FirebaseAppCheck */; };
		1342411B2B82EB8600913A11 /* FirebaseAnalytics in Frameworks */ = {isa = PBXBuildFile; productRef = 1342411A2B82EB8600913A11 /* FirebaseAnalytics */; };
		1342411D2B82EB8600913A11 /* FirebaseAnalyticsOnDeviceConversion in Frameworks */ = {isa = PBXBuildFile; productRef = 1342411C2B82EB8600913A11 /* FirebaseAnalyticsOnDeviceConversion */; };
		1342411F2B82EB8600913A11 /* FirebaseAnalyticsSwift in Frameworks */ = {isa = PBXBuildFile; productRef = 1342411E2B82EB8600913A11 /* FirebaseAnalyticsSwift */; };
		134241212B82EB8600913A11 /* FirebaseAnalyticsWithoutAdIdSupport in Frameworks */ = {isa = PBXBuildFile; productRef = 134241202B82EB8600913A11 /* FirebaseAnalyticsWithoutAdIdSupport */; };
		134241232B82EB8600913A11 /* FirebaseAppCheck in Frameworks */ = {isa = PBXBuildFile; productRef = 134241222B82EB8600913A11 /* FirebaseAppCheck */; };
		134241252B82EB8600913A11 /* FirebaseAppDistribution-Beta in Frameworks */ = {isa = PBXBuildFile; productRef = 134241242B82EB8600913A11 /* FirebaseAppDistribution-Beta */; };
		134241272B82EB8600913A11 /* FirebaseAuth in Frameworks */ = {isa = PBXBuildFile; productRef = 134241262B82EB8600913A11 /* FirebaseAuth */; };
		134241292B82EB8600913A11 /* FirebaseAuthCombine-Community in Frameworks */ = {isa = PBXBuildFile; productRef = 134241282B82EB8600913A11 /* FirebaseAuthCombine-Community */; };
		1342412B2B82EB8600913A11 /* FirebaseCrashlytics in Frameworks */ = {isa = PBXBuildFile; productRef = 1342412A2B82EB8600913A11 /* FirebaseCrashlytics */; };
		1342412D2B82EB8600913A11 /* FirebaseDatabase in Frameworks */ = {isa = PBXBuildFile; productRef = 1342412C2B82EB8600913A11 /* FirebaseDatabase */; };
		1342412F2B82EB8600913A11 /* FirebaseDatabaseSwift in Frameworks */ = {isa = PBXBuildFile; productRef = 1342412E2B82EB8600913A11 /* FirebaseDatabaseSwift */; };
		134241312B82EB8600913A11 /* FirebaseDynamicLinks in Frameworks */ = {isa = PBXBuildFile; productRef = 134241302B82EB8600913A11 /* FirebaseDynamicLinks */; };
		134241332B82EB8600913A11 /* FirebaseFirestore in Frameworks */ = {isa = PBXBuildFile; productRef = 134241322B82EB8600913A11 /* FirebaseFirestore */; };
		134241352B82EB8600913A11 /* FirebaseFirestoreCombine-Community in Frameworks */ = {isa = PBXBuildFile; productRef = 134241342B82EB8600913A11 /* FirebaseFirestoreCombine-Community */; };
		134241372B82EB8600913A11 /* FirebaseFirestoreSwift in Frameworks */ = {isa = PBXBuildFile; productRef = 134241362B82EB8600913A11 /* FirebaseFirestoreSwift */; };
		134241392B82EB8600913A11 /* FirebaseFunctions in Frameworks */ = {isa = PBXBuildFile; productRef = 134241382B82EB8600913A11 /* FirebaseFunctions */; };
		1342413B2B82EB8600913A11 /* FirebaseFunctionsCombine-Community in Frameworks */ = {isa = PBXBuildFile; productRef = 1342413A2B82EB8600913A11 /* FirebaseFunctionsCombine-Community */; };
		1342413D2B82EB8600913A11 /* FirebaseInAppMessaging-Beta in Frameworks */ = {isa = PBXBuildFile; productRef = 1342413C2B82EB8600913A11 /* FirebaseInAppMessaging-Beta */; };
		1342413F2B82EB8600913A11 /* FirebaseInAppMessagingSwift-Beta in Frameworks */ = {isa = PBXBuildFile; productRef = 1342413E2B82EB8600913A11 /* FirebaseInAppMessagingSwift-Beta */; };
		134241412B82EB8600913A11 /* FirebaseInstallations in Frameworks */ = {isa = PBXBuildFile; productRef = 134241402B82EB8600913A11 /* FirebaseInstallations */; };
		134241432B82EB8600913A11 /* FirebaseMLModelDownloader in Frameworks */ = {isa = PBXBuildFile; productRef = 134241422B82EB8600913A11 /* FirebaseMLModelDownloader */; };
		134241452B82EB8600913A11 /* FirebaseMessaging in Frameworks */ = {isa = PBXBuildFile; productRef = 134241442B82EB8600913A11 /* FirebaseMessaging */; };
		134241472B82EB8600913A11 /* FirebasePerformance in Frameworks */ = {isa = PBXBuildFile; productRef = 134241462B82EB8600913A11 /* FirebasePerformance */; };
		134241492B82EB8600913A11 /* FirebaseRemoteConfig in Frameworks */ = {isa = PBXBuildFile; productRef = 134241482B82EB8600913A11 /* FirebaseRemoteConfig */; };
		1342414B2B82EB8600913A11 /* FirebaseRemoteConfigSwift in Frameworks */ = {isa = PBXBuildFile; productRef = 1342414A2B82EB8600913A11 /* FirebaseRemoteConfigSwift */; };
		1342414D2B82EB8600913A11 /* FirebaseStorage in Frameworks */ = {isa = PBXBuildFile; productRef = 1342414C2B82EB8600913A11 /* FirebaseStorage */; };
		1342414F2B82EB8600913A11 /* FirebaseStorageCombine-Community in Frameworks */ = {isa = PBXBuildFile; productRef = 1342414E2B82EB8600913A11 /* FirebaseStorageCombine-Community */; };
		134BEFF12B83A4CB0039ACB1 /* QuestionsView.swift in Sources */ = {isa = PBXBuildFile; fileRef = 134BEFF02B83A4CB0039ACB1 /* QuestionsView.swift */; };
/* End PBXBuildFile section */

/* Begin PBXFileReference section */
		134240FA2B8243E600913A11 /* FirstDemoApp.app */ = {isa = PBXFileReference; explicitFileType = wrapper.application; includeInIndex = 0; path = FirstDemoApp.app; sourceTree = BUILT_PRODUCTS_DIR; };
		134240FD2B8243E600913A11 /* FirstDemoAppApp.swift */ = {isa = PBXFileReference; lastKnownFileType = sourcecode.swift; path = FirstDemoAppApp.swift; sourceTree = "<group>"; };
		134240FF2B8243E600913A11 /* ContentView.swift */ = {isa = PBXFileReference; lastKnownFileType = sourcecode.swift; path = ContentView.swift; sourceTree = "<group>"; };
		134241012B8243E800913A11 /* Assets.xcassets */ = {isa = PBXFileReference; lastKnownFileType = folder.assetcatalog; path = Assets.xcassets; sourceTree = "<group>"; };
		134241042B8243E800913A11 /* Preview Assets.xcassets */ = {isa = PBXFileReference; lastKnownFileType = folder.assetcatalog; path = "Preview Assets.xcassets"; sourceTree = "<group>"; };
		1342410B2B82DD4F00913A11 /* Question.swift */ = {isa = PBXFileReference; lastKnownFileType = sourcecode.swift; path = Question.swift; sourceTree = "<group>"; };
		1342410D2B82E39E00913A11 /* GoogleService-Info.plist */ = {isa = PBXFileReference; fileEncoding = 4; lastKnownFileType = text.plist.xml; path = "GoogleService-Info.plist"; sourceTree = "<group>"; };
		134BEFF02B83A4CB0039ACB1 /* QuestionsView.swift */ = {isa = PBXFileReference; lastKnownFileType = sourcecode.swift; path = QuestionsView.swift; sourceTree = "<group>"; };
/* End PBXFileReference section */

/* Begin PBXFrameworksBuildPhase section */
		134240F72B8243E600913A11 /* Frameworks */ = {
			isa = PBXFrameworksBuildPhase;
			buildActionMask = 2147483647;
			files = (
				134241452B82EB8600913A11 /* FirebaseMessaging in Frameworks */,
				134241352B82EB8600913A11 /* FirebaseFirestoreCombine-Community in Frameworks */,
				1342412D2B82EB8600913A11 /* FirebaseDatabase in Frameworks */,
				134241152B82E4E900913A11 /* FirebaseAnalyticsSwift in Frameworks */,
				1342414D2B82EB8600913A11 /* FirebaseStorage in Frameworks */,
				134241112B82E4E900913A11 /* FirebaseAnalytics in Frameworks */,
				1342411B2B82EB8600913A11 /* FirebaseAnalytics in Frameworks */,
				1342412B2B82EB8600913A11 /* FirebaseCrashlytics in Frameworks */,
				134241332B82EB8600913A11 /* FirebaseFirestore in Frameworks */,
				134241312B82EB8600913A11 /* FirebaseDynamicLinks in Frameworks */,
				1342414F2B82EB8600913A11 /* FirebaseStorageCombine-Community in Frameworks */,
				1342411D2B82EB8600913A11 /* FirebaseAnalyticsOnDeviceConversion in Frameworks */,
				1342413B2B82EB8600913A11 /* FirebaseFunctionsCombine-Community in Frameworks */,
				1342413F2B82EB8600913A11 /* FirebaseInAppMessagingSwift-Beta in Frameworks */,
				134241432B82EB8600913A11 /* FirebaseMLModelDownloader in Frameworks */,
				1342413D2B82EB8600913A11 /* FirebaseInAppMessaging-Beta in Frameworks */,
				134241472B82EB8600913A11 /* FirebasePerformance in Frameworks */,
				134241292B82EB8600913A11 /* FirebaseAuthCombine-Community in Frameworks */,
				1342411F2B82EB8600913A11 /* FirebaseAnalyticsSwift in Frameworks */,
				1342412F2B82EB8600913A11 /* FirebaseDatabaseSwift in Frameworks */,
				134241132B82E4E900913A11 /* FirebaseAnalyticsOnDeviceConversion in Frameworks */,
				134241492B82EB8600913A11 /* FirebaseRemoteConfig in Frameworks */,
				134241192B82E4E900913A11 /* FirebaseAppCheck in Frameworks */,
				134241272B82EB8600913A11 /* FirebaseAuth in Frameworks */,
				134241392B82EB8600913A11 /* FirebaseFunctions in Frameworks */,
				134241412B82EB8600913A11 /* FirebaseInstallations in Frameworks */,
				134241372B82EB8600913A11 /* FirebaseFirestoreSwift in Frameworks */,
				134241212B82EB8600913A11 /* FirebaseAnalyticsWithoutAdIdSupport in Frameworks */,
				134241232B82EB8600913A11 /* FirebaseAppCheck in Frameworks */,
				1342414B2B82EB8600913A11 /* FirebaseRemoteConfigSwift in Frameworks */,
				134241252B82EB8600913A11 /* FirebaseAppDistribution-Beta in Frameworks */,
				134241172B82E4E900913A11 /* FirebaseAnalyticsWithoutAdIdSupport in Frameworks */,
			);
			runOnlyForDeploymentPostprocessing = 0;
		};
/* End PBXFrameworksBuildPhase section */

/* Begin PBXGroup section */
		134240F12B8243E600913A11 = {
			isa = PBXGroup;
			children = (
				1342410D2B82E39E00913A11 /* GoogleService-Info.plist */,
				134240FC2B8243E600913A11 /* FirstDemoApp */,
				134240FB2B8243E600913A11 /* Products */,
			);
			sourceTree = "<group>";
		};
		134240FB2B8243E600913A11 /* Products */ = {
			isa = PBXGroup;
			children = (
				134240FA2B8243E600913A11 /* FirstDemoApp.app */,
			);
			name = Products;
			sourceTree = "<group>";
		};
		134240FC2B8243E600913A11 /* FirstDemoApp */ = {
			isa = PBXGroup;
			children = (
				134240FD2B8243E600913A11 /* FirstDemoAppApp.swift */,
				134240FF2B8243E600913A11 /* ContentView.swift */,
				134BEFF02B83A4CB0039ACB1 /* QuestionsView.swift */,
				134241012B8243E800913A11 /* Assets.xcassets */,
				134241032B8243E800913A11 /* Preview Content */,
				1342410B2B82DD4F00913A11 /* Question.swift */,
			);
			path = FirstDemoApp;
			sourceTree = "<group>";
		};
		134241032B8243E800913A11 /* Preview Content */ = {
			isa = PBXGroup;
			children = (
				134241042B8243E800913A11 /* Preview Assets.xcassets */,
			);
			path = "Preview Content";
			sourceTree = "<group>";
		};
/* End PBXGroup section */

/* Begin PBXNativeTarget section */
		134240F92B8243E600913A11 /* FirstDemoApp */ = {
			isa = PBXNativeTarget;
			buildConfigurationList = 134241082B8243E800913A11 /* Build configuration list for PBXNativeTarget "FirstDemoApp" */;
			buildPhases = (
				134240F62B8243E600913A11 /* Sources */,
				134240F72B8243E600913A11 /* Frameworks */,
				134240F82B8243E600913A11 /* Resources */,
			);
			buildRules = (
			);
			dependencies = (
			);
			name = FirstDemoApp;
			packageProductDependencies = (
				134241102B82E4E900913A11 /* FirebaseAnalytics */,
				134241122B82E4E900913A11 /* FirebaseAnalyticsOnDeviceConversion */,
				134241142B82E4E900913A11 /* FirebaseAnalyticsSwift */,
				134241162B82E4E900913A11 /* FirebaseAnalyticsWithoutAdIdSupport */,
				134241182B82E4E900913A11 /* FirebaseAppCheck */,
				1342411A2B82EB8600913A11 /* FirebaseAnalytics */,
				1342411C2B82EB8600913A11 /* FirebaseAnalyticsOnDeviceConversion */,
				1342411E2B82EB8600913A11 /* FirebaseAnalyticsSwift */,
				134241202B82EB8600913A11 /* FirebaseAnalyticsWithoutAdIdSupport */,
				134241222B82EB8600913A11 /* FirebaseAppCheck */,
				134241242B82EB8600913A11 /* FirebaseAppDistribution-Beta */,
				134241262B82EB8600913A11 /* FirebaseAuth */,
				134241282B82EB8600913A11 /* FirebaseAuthCombine-Community */,
				1342412A2B82EB8600913A11 /* FirebaseCrashlytics */,
				1342412C2B82EB8600913A11 /* FirebaseDatabase */,
				1342412E2B82EB8600913A11 /* FirebaseDatabaseSwift */,
				134241302B82EB8600913A11 /* FirebaseDynamicLinks */,
				134241322B82EB8600913A11 /* FirebaseFirestore */,
				134241342B82EB8600913A11 /* FirebaseFirestoreCombine-Community */,
				134241362B82EB8600913A11 /* FirebaseFirestoreSwift */,
				134241382B82EB8600913A11 /* FirebaseFunctions */,
				1342413A2B82EB8600913A11 /* FirebaseFunctionsCombine-Community */,
				1342413C2B82EB8600913A11 /* FirebaseInAppMessaging-Beta */,
				1342413E2B82EB8600913A11 /* FirebaseInAppMessagingSwift-Beta */,
				134241402B82EB8600913A11 /* FirebaseInstallations */,
				134241422B82EB8600913A11 /* FirebaseMLModelDownloader */,
				134241442B82EB8600913A11 /* FirebaseMessaging */,
				134241462B82EB8600913A11 /* FirebasePerformance */,
				134241482B82EB8600913A11 /* FirebaseRemoteConfig */,
				1342414A2B82EB8600913A11 /* FirebaseRemoteConfigSwift */,
				1342414C2B82EB8600913A11 /* FirebaseStorage */,
				1342414E2B82EB8600913A11 /* FirebaseStorageCombine-Community */,
			);
			productName = FirstDemoApp;
			productReference = 134240FA2B8243E600913A11 /* FirstDemoApp.app */;
			productType = "com.apple.product-type.application";
		};
/* End PBXNativeTarget section */

/* Begin PBXProject section */
		134240F22B8243E600913A11 /* Project object */ = {
			isa = PBXProject;
			attributes = {
				BuildIndependentTargetsInParallel = 1;
				LastSwiftUpdateCheck = 1520;
				LastUpgradeCheck = 1520;
				TargetAttributes = {
					134240F92B8243E600913A11 = {
						CreatedOnToolsVersion = 15.2;
					};
				};
			};
			buildConfigurationList = 134240F52B8243E600913A11 /* Build configuration list for PBXProject "FirstDemoApp" */;
			compatibilityVersion = "Xcode 14.0";
			developmentRegion = en;
			hasScannedForEncodings = 0;
			knownRegions = (
				en,
				Base,
			);
			mainGroup = 134240F12B8243E600913A11;
			packageReferences = (
				1342410F2B82E4E900913A11 /* XCRemoteSwiftPackageReference "firebase-ios-sdk" */,
			);
			productRefGroup = 134240FB2B8243E600913A11 /* Products */;
			projectDirPath = "";
			projectRoot = "";
			targets = (
				134240F92B8243E600913A11 /* FirstDemoApp */,
			);
		};
/* End PBXProject section */

/* Begin PBXResourcesBuildPhase section */
		134240F82B8243E600913A11 /* Resources */ = {
			isa = PBXResourcesBuildPhase;
			buildActionMask = 2147483647;
			files = (
				134241052B8243E800913A11 /* Preview Assets.xcassets in Resources */,
				134241022B8243E800913A11 /* Assets.xcassets in Resources */,
				1342410E2B82E39E00913A11 /* GoogleService-Info.plist in Resources */,
			);
			runOnlyForDeploymentPostprocessing = 0;
		};
/* End PBXResourcesBuildPhase section */

/* Begin PBXSourcesBuildPhase section */
		134240F62B8243E600913A11 /* Sources */ = {
			isa = PBXSourcesBuildPhase;
			buildActionMask = 2147483647;
			files = (
				134BEFF12B83A4CB0039ACB1 /* QuestionsView.swift in Sources */,
				1342410C2B82DD4F00913A11 /* Question.swift in Sources */,
				134241002B8243E600913A11 /* ContentView.swift in Sources */,
				134240FE2B8243E600913A11 /* FirstDemoAppApp.swift in Sources */,
			);
			runOnlyForDeploymentPostprocessing = 0;
		};
/* End PBXSourcesBuildPhase section */

/* Begin XCBuildConfiguration section */
		134241062B8243E800913A11 /* Debug */ = {
			isa = XCBuildConfiguration;
			buildSettings = {
				ALWAYS_SEARCH_USER_PATHS = NO;
				ASSETCATALOG_COMPILER_GENERATE_SWIFT_ASSET_SYMBOL_EXTENSIONS = YES;
				CLANG_ANALYZER_NONNULL = YES;
				CLANG_ANALYZER_NUMBER_OBJECT_CONVERSION = YES_AGGRESSIVE;
				CLANG_CXX_LANGUAGE_STANDARD = "gnu++20";
				CLANG_ENABLE_MODULES = YES;
				CLANG_ENABLE_OBJC_ARC = YES;
				CLANG_ENABLE_OBJC_WEAK = YES;
				CLANG_WARN_BLOCK_CAPTURE_AUTORELEASING = YES;
				CLANG_WARN_BOOL_CONVERSION = YES;
				CLANG_WARN_COMMA = YES;
				CLANG_WARN_CONSTANT_CONVERSION = YES;
				CLANG_WARN_DEPRECATED_OBJC_IMPLEMENTATIONS = YES;
				CLANG_WARN_DIRECT_OBJC_ISA_USAGE = YES_ERROR;
				CLANG_WARN_DOCUMENTATION_COMMENTS = YES;
				CLANG_WARN_EMPTY_BODY = YES;
				CLANG_WARN_ENUM_CONVERSION = YES;
				CLANG_WARN_INFINITE_RECURSION = YES;
				CLANG_WARN_INT_CONVERSION = YES;
				CLANG_WARN_NON_LITERAL_NULL_CONVERSION = YES;
				CLANG_WARN_OBJC_IMPLICIT_RETAIN_SELF = YES;
				CLANG_WARN_OBJC_LITERAL_CONVERSION = YES;
				CLANG_WARN_OBJC_ROOT_CLASS = YES_ERROR;
				CLANG_WARN_QUOTED_INCLUDE_IN_FRAMEWORK_HEADER = YES;
				CLANG_WARN_RANGE_LOOP_ANALYSIS = YES;
				CLANG_WARN_STRICT_PROTOTYPES = YES;
				CLANG_WARN_SUSPICIOUS_MOVE = YES;
				CLANG_WARN_UNGUARDED_AVAILABILITY = YES_AGGRESSIVE;
				CLANG_WARN_UNREACHABLE_CODE = YES;
				CLANG_WARN__DUPLICATE_METHOD_MATCH = YES;
				COPY_PHASE_STRIP = NO;
				DEBUG_INFORMATION_FORMAT = dwarf;
				ENABLE_STRICT_OBJC_MSGSEND = YES;
				ENABLE_TESTABILITY = YES;
				ENABLE_USER_SCRIPT_SANDBOXING = YES;
				GCC_C_LANGUAGE_STANDARD = gnu17;
				GCC_DYNAMIC_NO_PIC = NO;
				GCC_NO_COMMON_BLOCKS = YES;
				GCC_OPTIMIZATION_LEVEL = 0;
				GCC_PREPROCESSOR_DEFINITIONS = (
					"DEBUG=1",
					"$(inherited)",
				);
				GCC_WARN_64_TO_32_BIT_CONVERSION = YES;
				GCC_WARN_ABOUT_RETURN_TYPE = YES_ERROR;
				GCC_WARN_UNDECLARED_SELECTOR = YES;
				GCC_WARN_UNINITIALIZED_AUTOS = YES_AGGRESSIVE;
				GCC_WARN_UNUSED_FUNCTION = YES;
				GCC_WARN_UNUSED_VARIABLE = YES;
				IPHONEOS_DEPLOYMENT_TARGET = 17.2;
				LOCALIZATION_PREFERS_STRING_CATALOGS = YES;
				MTL_ENABLE_DEBUG_INFO = INCLUDE_SOURCE;
				MTL_FAST_MATH = YES;
				ONLY_ACTIVE_ARCH = YES;
				SDKROOT = iphoneos;
				SWIFT_ACTIVE_COMPILATION_CONDITIONS = "DEBUG $(inherited)";
				SWIFT_OPTIMIZATION_LEVEL = "-Onone";
			};
			name = Debug;
		};
		134241072B8243E800913A11 /* Release */ = {
			isa = XCBuildConfiguration;
			buildSettings = {
				ALWAYS_SEARCH_USER_PATHS = NO;
				ASSETCATALOG_COMPILER_GENERATE_SWIFT_ASSET_SYMBOL_EXTENSIONS = YES;
				CLANG_ANALYZER_NONNULL = YES;
				CLANG_ANALYZER_NUMBER_OBJECT_CONVERSION = YES_AGGRESSIVE;
				CLANG_CXX_LANGUAGE_STANDARD = "gnu++20";
				CLANG_ENABLE_MODULES = YES;
				CLANG_ENABLE_OBJC_ARC = YES;
				CLANG_ENABLE_OBJC_WEAK = YES;
				CLANG_WARN_BLOCK_CAPTURE_AUTORELEASING = YES;
				CLANG_WARN_BOOL_CONVERSION = YES;
				CLANG_WARN_COMMA = YES;
				CLANG_WARN_CONSTANT_CONVERSION = YES;
				CLANG_WARN_DEPRECATED_OBJC_IMPLEMENTATIONS = YES;
				CLANG_WARN_DIRECT_OBJC_ISA_USAGE = YES_ERROR;
				CLANG_WARN_DOCUMENTATION_COMMENTS = YES;
				CLANG_WARN_EMPTY_BODY = YES;
				CLANG_WARN_ENUM_CONVERSION = YES;
				CLANG_WARN_INFINITE_RECURSION = YES;
				CLANG_WARN_INT_CONVERSION = YES;
				CLANG_WARN_NON_LITERAL_NULL_CONVERSION = YES;
				CLANG_WARN_OBJC_IMPLICIT_RETAIN_SELF = YES;
				CLANG_WARN_OBJC_LITERAL_CONVERSION = YES;
				CLANG_WARN_OBJC_ROOT_CLASS = YES_ERROR;
				CLANG_WARN_QUOTED_INCLUDE_IN_FRAMEWORK_HEADER = YES;
				CLANG_WARN_RANGE_LOOP_ANALYSIS = YES;
				CLANG_WARN_STRICT_PROTOTYPES = YES;
				CLANG_WARN_SUSPICIOUS_MOVE = YES;
				CLANG_WARN_UNGUARDED_AVAILABILITY = YES_AGGRESSIVE;
				CLANG_WARN_UNREACHABLE_CODE = YES;
				CLANG_WARN__DUPLICATE_METHOD_MATCH = YES;
				COPY_PHASE_STRIP = NO;
				DEBUG_INFORMATION_FORMAT = "dwarf-with-dsym";
				ENABLE_NS_ASSERTIONS = NO;
				ENABLE_STRICT_OBJC_MSGSEND = YES;
				ENABLE_USER_SCRIPT_SANDBOXING = YES;
				GCC_C_LANGUAGE_STANDARD = gnu17;
				GCC_NO_COMMON_BLOCKS = YES;
				GCC_WARN_64_TO_32_BIT_CONVERSION = YES;
				GCC_WARN_ABOUT_RETURN_TYPE = YES_ERROR;
				GCC_WARN_UNDECLARED_SELECTOR = YES;
				GCC_WARN_UNINITIALIZED_AUTOS = YES_AGGRESSIVE;
				GCC_WARN_UNUSED_FUNCTION = YES;
				GCC_WARN_UNUSED_VARIABLE = YES;
				IPHONEOS_DEPLOYMENT_TARGET = 17.2;
				LOCALIZATION_PREFERS_STRING_CATALOGS = YES;
				MTL_ENABLE_DEBUG_INFO = NO;
				MTL_FAST_MATH = YES;
				SDKROOT = iphoneos;
				SWIFT_COMPILATION_MODE = wholemodule;
				VALIDATE_PRODUCT = YES;
			};
			name = Release;
		};
		134241092B8243E800913A11 /* Debug */ = {
			isa = XCBuildConfiguration;
			buildSettings = {
				ASSETCATALOG_COMPILER_APPICON_NAME = AppIcon;
				ASSETCATALOG_COMPILER_GLOBAL_ACCENT_COLOR_NAME = AccentColor;
				CODE_SIGN_STYLE = Automatic;
				CURRENT_PROJECT_VERSION = 1;
				DEVELOPMENT_ASSET_PATHS = "\"FirstDemoApp/Preview Content\"";
				DEVELOPMENT_TEAM = V4B4Y8AB58;
				ENABLE_PREVIEWS = YES;
				GENERATE_INFOPLIST_FILE = YES;
				INFOPLIST_KEY_UIApplicationSceneManifest_Generation = YES;
				INFOPLIST_KEY_UIApplicationSupportsIndirectInputEvents = YES;
				INFOPLIST_KEY_UILaunchScreen_Generation = YES;
				INFOPLIST_KEY_UISupportedInterfaceOrientations_iPad = "UIInterfaceOrientationPortrait UIInterfaceOrientationPortraitUpsideDown UIInterfaceOrientationLandscapeLeft UIInterfaceOrientationLandscapeRight";
				INFOPLIST_KEY_UISupportedInterfaceOrientations_iPhone = "UIInterfaceOrientationPortrait UIInterfaceOrientationLandscapeLeft UIInterfaceOrientationLandscapeRight";
				LD_RUNPATH_SEARCH_PATHS = (
					"$(inherited)",
					"@executable_path/Frameworks",
				);
				MARKETING_VERSION = 1.0;
				PRODUCT_BUNDLE_IDENTIFIER = com.flourishfield.FirstDemoApp;
				PRODUCT_NAME = "$(TARGET_NAME)";
				SWIFT_EMIT_LOC_STRINGS = YES;
				SWIFT_VERSION = 5.0;
				TARGETED_DEVICE_FAMILY = "1,2";
			};
			name = Debug;
		};
		1342410A2B8243E800913A11 /* Release */ = {
			isa = XCBuildConfiguration;
			buildSettings = {
				ASSETCATALOG_COMPILER_APPICON_NAME = AppIcon;
				ASSETCATALOG_COMPILER_GLOBAL_ACCENT_COLOR_NAME = AccentColor;
				CODE_SIGN_STYLE = Automatic;
				CURRENT_PROJECT_VERSION = 1;
				DEVELOPMENT_ASSET_PATHS = "\"FirstDemoApp/Preview Content\"";
				DEVELOPMENT_TEAM = V4B4Y8AB58;
				ENABLE_PREVIEWS = YES;
				GENERATE_INFOPLIST_FILE = YES;
				INFOPLIST_KEY_UIApplicationSceneManifest_Generation = YES;
				INFOPLIST_KEY_UIApplicationSupportsIndirectInputEvents = YES;
				INFOPLIST_KEY_UILaunchScreen_Generation = YES;
				INFOPLIST_KEY_UISupportedInterfaceOrientations_iPad = "UIInterfaceOrientationPortrait UIInterfaceOrientationPortraitUpsideDown UIInterfaceOrientationLandscapeLeft UIInterfaceOrientationLandscapeRight";
				INFOPLIST_KEY_UISupportedInterfaceOrientations_iPhone = "UIInterfaceOrientationPortrait UIInterfaceOrientationLandscapeLeft UIInterfaceOrientationLandscapeRight";
				LD_RUNPATH_SEARCH_PATHS = (
					"$(inherited)",
					"@executable_path/Frameworks",
				);
				MARKETING_VERSION = 1.0;
				PRODUCT_BUNDLE_IDENTIFIER = com.flourishfield.FirstDemoApp;
				PRODUCT_NAME = "$(TARGET_NAME)";
				SWIFT_EMIT_LOC_STRINGS = YES;
				SWIFT_VERSION = 5.0;
				TARGETED_DEVICE_FAMILY = "1,2";
			};
			name = Release;
		};
/* End XCBuildConfiguration section */

/* Begin XCConfigurationList section */
		134240F52B8243E600913A11 /* Build configuration list for PBXProject "FirstDemoApp" */ = {
			isa = XCConfigurationList;
			buildConfigurations = (
				134241062B8243E800913A11 /* Debug */,
				134241072B8243E800913A11 /* Release */,
			);
			defaultConfigurationIsVisible = 0;
			defaultConfigurationName = Release;
		};
		134241082B8243E800913A11 /* Build configuration list for PBXNativeTarget "FirstDemoApp" */ = {
			isa = XCConfigurationList;
			buildConfigurations = (
				134241092B8243E800913A11 /* Debug */,
				1342410A2B8243E800913A11 /* Release */,
			);
			defaultConfigurationIsVisible = 0;
			defaultConfigurationName = Release;
		};
/* End XCConfigurationList section */

/* Begin XCRemoteSwiftPackageReference section */
		1342410F2B82E4E900913A11 /* XCRemoteSwiftPackageReference "firebase-ios-sdk" */ = {
			isa = XCRemoteSwiftPackageReference;
			repositoryURL = "https://github.com/firebase/firebase-ios-sdk";
			requirement = {
				kind = upToNextMajorVersion;
				minimumVersion = 10.21.0;
			};
		};
/* End XCRemoteSwiftPackageReference section */

/* Begin XCSwiftPackageProductDependency section */
		134241102B82E4E900913A11 /* FirebaseAnalytics */ = {
			isa = XCSwiftPackageProductDependency;
			package = 1342410F2B82E4E900913A11 /* XCRemoteSwiftPackageReference "firebase-ios-sdk" */;
			productName = FirebaseAnalytics;
		};
		134241122B82E4E900913A11 /* FirebaseAnalyticsOnDeviceConversion */ = {
			isa = XCSwiftPackageProductDependency;
			package = 1342410F2B82E4E900913A11 /* XCRemoteSwiftPackageReference "firebase-ios-sdk" */;
			productName = FirebaseAnalyticsOnDeviceConversion;
		};
		134241142B82E4E900913A11 /* FirebaseAnalyticsSwift */ = {
			isa = XCSwiftPackageProductDependency;
			package = 1342410F2B82E4E900913A11 /* XCRemoteSwiftPackageReference "firebase-ios-sdk" */;
			productName = FirebaseAnalyticsSwift;
		};
		134241162B82E4E900913A11 /* FirebaseAnalyticsWithoutAdIdSupport */ = {
			isa = XCSwiftPackageProductDependency;
			package = 1342410F2B82E4E900913A11 /* XCRemoteSwiftPackageReference "firebase-ios-sdk" */;
			productName = FirebaseAnalyticsWithoutAdIdSupport;
		};
		134241182B82E4E900913A11 /* FirebaseAppCheck */ = {
			isa = XCSwiftPackageProductDependency;
			package = 1342410F2B82E4E900913A11 /* XCRemoteSwiftPackageReference "firebase-ios-sdk" */;
			productName = FirebaseAppCheck;
		};
		1342411A2B82EB8600913A11 /* FirebaseAnalytics */ = {
			isa = XCSwiftPackageProductDependency;
			package = 1342410F2B82E4E900913A11 /* XCRemoteSwiftPackageReference "firebase-ios-sdk" */;
			productName = FirebaseAnalytics;
		};
		1342411C2B82EB8600913A11 /* FirebaseAnalyticsOnDeviceConversion */ = {
			isa = XCSwiftPackageProductDependency;
			package = 1342410F2B82E4E900913A11 /* XCRemoteSwiftPackageReference "firebase-ios-sdk" */;
			productName = FirebaseAnalyticsOnDeviceConversion;
		};
		1342411E2B82EB8600913A11 /* FirebaseAnalyticsSwift */ = {
			isa = XCSwiftPackageProductDependency;
			package = 1342410F2B82E4E900913A11 /* XCRemoteSwiftPackageReference "firebase-ios-sdk" */;
			productName = FirebaseAnalyticsSwift;
		};
		134241202B82EB8600913A11 /* FirebaseAnalyticsWithoutAdIdSupport */ = {
			isa = XCSwiftPackageProductDependency;
			package = 1342410F2B82E4E900913A11 /* XCRemoteSwiftPackageReference "firebase-ios-sdk" */;
			productName = FirebaseAnalyticsWithoutAdIdSupport;
		};
		134241222B82EB8600913A11 /* FirebaseAppCheck */ = {
			isa = XCSwiftPackageProductDependency;
			package = 1342410F2B82E4E900913A11 /* XCRemoteSwiftPackageReference "firebase-ios-sdk" */;
			productName = FirebaseAppCheck;
		};
		134241242B82EB8600913A11 /* FirebaseAppDistribution-Beta */ = {
			isa = XCSwiftPackageProductDependency;
			package = 1342410F2B82E4E900913A11 /* XCRemoteSwiftPackageReference "firebase-ios-sdk" */;
			productName = "FirebaseAppDistribution-Beta";
		};
		134241262B82EB8600913A11 /* FirebaseAuth */ = {
			isa = XCSwiftPackageProductDependency;
			package = 1342410F2B82E4E900913A11 /* XCRemoteSwiftPackageReference "firebase-ios-sdk" */;
			productName = FirebaseAuth;
		};
		134241282B82EB8600913A11 /* FirebaseAuthCombine-Community */ = {
			isa = XCSwiftPackageProductDependency;
			package = 1342410F2B82E4E900913A11 /* XCRemoteSwiftPackageReference "firebase-ios-sdk" */;
			productName = "FirebaseAuthCombine-Community";
		};
		1342412A2B82EB8600913A11 /* FirebaseCrashlytics */ = {
			isa = XCSwiftPackageProductDependency;
			package = 1342410F2B82E4E900913A11 /* XCRemoteSwiftPackageReference "firebase-ios-sdk" */;
			productName = FirebaseCrashlytics;
		};
		1342412C2B82EB8600913A11 /* FirebaseDatabase */ = {
			isa = XCSwiftPackageProductDependency;
			package = 1342410F2B82E4E900913A11 /* XCRemoteSwiftPackageReference "firebase-ios-sdk" */;
			productName = FirebaseDatabase;
		};
		1342412E2B82EB8600913A11 /* FirebaseDatabaseSwift */ = {
			isa = XCSwiftPackageProductDependency;
			package = 1342410F2B82E4E900913A11 /* XCRemoteSwiftPackageReference "firebase-ios-sdk" */;
			productName = FirebaseDatabaseSwift;
		};
		134241302B82EB8600913A11 /* FirebaseDynamicLinks */ = {
			isa = XCSwiftPackageProductDependency;
			package = 1342410F2B82E4E900913A11 /* XCRemoteSwiftPackageReference "firebase-ios-sdk" */;
			productName = FirebaseDynamicLinks;
		};
		134241322B82EB8600913A11 /* FirebaseFirestore */ = {
			isa = XCSwiftPackageProductDependency;
			package = 1342410F2B82E4E900913A11 /* XCRemoteSwiftPackageReference "firebase-ios-sdk" */;
			productName = FirebaseFirestore;
		};
		134241342B82EB8600913A11 /* FirebaseFirestoreCombine-Community */ = {
			isa = XCSwiftPackageProductDependency;
			package = 1342410F2B82E4E900913A11 /* XCRemoteSwiftPackageReference "firebase-ios-sdk" */;
			productName = "FirebaseFirestoreCombine-Community";
		};
		134241362B82EB8600913A11 /* FirebaseFirestoreSwift */ = {
			isa = XCSwiftPackageProductDependency;
			package = 1342410F2B82E4E900913A11 /* XCRemoteSwiftPackageReference "firebase-ios-sdk" */;
			productName = FirebaseFirestoreSwift;
		};
		134241382B82EB8600913A11 /* FirebaseFunctions */ = {
			isa = XCSwiftPackageProductDependency;
			package = 1342410F2B82E4E900913A11 /* XCRemoteSwiftPackageReference "firebase-ios-sdk" */;
			productName = FirebaseFunctions;
		};
		1342413A2B82EB8600913A11 /* FirebaseFunctionsCombine-Community */ = {
			isa = XCSwiftPackageProductDependency;
			package = 1342410F2B82E4E900913A11 /* XCRemoteSwiftPackageReference "firebase-ios-sdk" */;
			productName = "FirebaseFunctionsCombine-Community";
		};
		1342413C2B82EB8600913A11 /* FirebaseInAppMessaging-Beta */ = {
			isa = XCSwiftPackageProductDependency;
			package = 1342410F2B82E4E900913A11 /* XCRemoteSwiftPackageReference "firebase-ios-sdk" */;
			productName = "FirebaseInAppMessaging-Beta";
		};
		1342413E2B82EB8600913A11 /* FirebaseInAppMessagingSwift-Beta */ = {
			isa = XCSwiftPackageProductDependency;
			package = 1342410F2B82E4E900913A11 /* XCRemoteSwiftPackageReference "firebase-ios-sdk" */;
			productName = "FirebaseInAppMessagingSwift-Beta";
		};
		134241402B82EB8600913A11 /* FirebaseInstallations */ = {
			isa = XCSwiftPackageProductDependency;
			package = 1342410F2B82E4E900913A11 /* XCRemoteSwiftPackageReference "firebase-ios-sdk" */;
			productName = FirebaseInstallations;
		};
		134241422B82EB8600913A11 /* FirebaseMLModelDownloader */ = {
			isa = XCSwiftPackageProductDependency;
			package = 1342410F2B82E4E900913A11 /* XCRemoteSwiftPackageReference "firebase-ios-sdk" */;
			productName = FirebaseMLModelDownloader;
		};
		134241442B82EB8600913A11 /* FirebaseMessaging */ = {
			isa = XCSwiftPackageProductDependency;
			package = 1342410F2B82E4E900913A11 /* XCRemoteSwiftPackageReference "firebase-ios-sdk" */;
			productName = FirebaseMessaging;
		};
		134241462B82EB8600913A11 /* FirebasePerformance */ = {
			isa = XCSwiftPackageProductDependency;
			package = 1342410F2B82E4E900913A11 /* XCRemoteSwiftPackageReference "firebase-ios-sdk" */;
			productName = FirebasePerformance;
		};
		134241482B82EB8600913A11 /* FirebaseRemoteConfig */ = {
			isa = XCSwiftPackageProductDependency;
			package = 1342410F2B82E4E900913A11 /* XCRemoteSwiftPackageReference "firebase-ios-sdk" */;
			productName = FirebaseRemoteConfig;
		};
		1342414A2B82EB8600913A11 /* FirebaseRemoteConfigSwift */ = {
			isa = XCSwiftPackageProductDependency;
			package = 1342410F2B82E4E900913A11 /* XCRemoteSwiftPackageReference "firebase-ios-sdk" */;
			productName = FirebaseRemoteConfigSwift;
		};
		1342414C2B82EB8600913A11 /* FirebaseStorage */ = {
			isa = XCSwiftPackageProductDependency;
			package = 1342410F2B82E4E900913A11 /* XCRemoteSwiftPackageReference "firebase-ios-sdk" */;
			productName = FirebaseStorage;
		};
		1342414E2B82EB8600913A11 /* FirebaseStorageCombine-Community */ = {
			isa = XCSwiftPackageProductDependency;
			package = 1342410F2B82E4E900913A11 /* XCRemoteSwiftPackageReference "firebase-ios-sdk" */;
			productName = "FirebaseStorageCombine-Community";
		};
/* End XCSwiftPackageProductDependency section */
	};
	rootObject = 134240F22B8243E600913A11 /* Project object */;
}
